// !$*UTF8*$!
{
	archiveVersion = 1;
	classes = {
	};
	objectVersion = 77;
	objects = {

/* Begin PBXFileReference section */
		D965BC1D2F2CB3E20051704D /* argus.app */ = {isa = PBXFileReference; explicitFileType = wrapper.application; includeInIndex = 0; path = argus.app; sourceTree = BUILT_PRODUCTS_DIR; };
		D9A0C0C62F2D000100000001 /* Secrets.xcconfig */ = {isa = PBXFileReference; lastKnownFileType = text.xcconfig; path = Secrets.xcconfig; sourceTree = "<group>"; };
/* End PBXFileReference section */

/* Begin PBXFileSystemSynchronizedRootGroup section */
		D965BC1F2F2CB3E20051704D /* argus */ = {
			isa = PBXFileSystemSynchronizedRootGroup;
			path = argus;
			sourceTree = "<group>";
		};
/* End PBXFileSystemSynchronizedRootGroup section */

/* Begin PBXFrameworksBuildPhase section */
		D965BC1A2F2CB3E20051704D /* Frameworks */ = {
			isa = PBXFrameworksBuildPhase;
			buildActionMask = 2147483647;
			files = (
			);
			runOnlyForDeploymentPostprocessing = 0;
		};
/* End PBXFrameworksBuildPhase section */

/* Begin PBXGroup section */
		D965BC142F2CB3E20051704D = {
			isa = PBXGroup;
			children = (
				D9A0C0C62F2D000100000001 /* Secrets.xcconfig */,
				D965BC1F2F2CB3E20051704D /* argus */,
				D965BC1E2F2CB3E20051704D /* Products */,
			);
			sourceTree = "<group>";
		};
		D965BC1E2F2CB3E20051704D /* Products */ = {
			isa = PBXGroup;
			children = (
				D965BC1D2F2CB3E20051704D /* argus.app */,
			);
			name = Products;
			sourceTree = "<group>";
		};
/* End PBXGroup section */

/* Begin PBXNativeTarget section */
		D965BC1C2F2CB3E20051704D /* argus */ = {
			isa = PBXNativeTarget;
			buildConfigurationList = D965BC2D2F2CB3E30051704D /* Build configuration list for PBXNativeTarget "argus" */;
			buildPhases = (
				D965BC192F2CB3E20051704D /* Sources */,
				D965BC1A2F2CB3E20051704D /* Frameworks */,
				D965BC1B2F2CB3E20051704D /* Resources */,
			);
			buildRules = (
			);
			dependencies = (
			);
			fileSystemSynchronizedGroups = (
				D965BC1F2F2CB3E20051704D /* argus */,
			);
			name = argus;
			packageProductDependencies = (
			);
			productName = argus;
			productReference = D965BC1D2F2CB3E20051704D /* argus.app */;
			productType = "com.apple.product-type.application";
		};
/* End PBXNativeTarget section */

/* Begin PBXProject section */
		D965BC152F2CB3E20051704D /* Project object */ = {
			isa = PBXProject;
			attributes = {
				BuildIndependentTargetsInParallel = 1;
				LastSwiftUpdateCheck = 2620;
				LastUpgradeCheck = 2620;
				TargetAttributes = {
					D965BC1C2F2CB3E20051704D = {
						CreatedOnToolsVersion = 26.2;
					};
				};
			};
			buildConfigurationList = D965BC182F2CB3E20051704D /* Build configuration list for PBXProject "argus" */;
			developmentRegion = en;
			hasScannedForEncodings = 0;
			knownRegions = (
				en,
				Base,
			);
			mainGroup = D965BC142F2CB3E20051704D;
			minimizedProjectReferenceProxies = 1;
			preferredProjectObjectVersion = 77;
			productRefGroup = D965BC1E2F2CB3E20051704D /* Products */;
			projectDirPath = "";
			projectRoot = "";
			targets = (
				D965BC1C2F2CB3E20051704D /* argus */,
			);
		};
/* End PBXProject section */

/* Begin PBXResourcesBuildPhase section */
		D965BC1B2F2CB3E20051704D /* Resources */ = {
			isa = PBXResourcesBuildPhase;
			buildActionMask = 2147483647;
			files = (
			);
			runOnlyForDeploymentPostprocessing = 0;
		};
/* End PBXResourcesBuildPhase section */

/* Begin PBXSourcesBuildPhase section */
		D965BC192F2CB3E20051704D /* Sources */ = {
			isa = PBXSourcesBuildPhase;
			buildActionMask = 2147483647;
			files = (
			);
			runOnlyForDeploymentPostprocessing = 0;
		};
/* End PBXSourcesBuildPhase section */

/* Begin XCBuildConfiguration section */
		D965BC2B2F2CB3E30051704D /* Debug */ = {
			isa = XCBuildConfiguration;
			buildSettings = {
				ALWAYS_SEARCH_USER_PATHS = NO;
				ASSETCATALOG_COMPILER_GENERATE_SWIFT_ASSET_SYMBOL_EXTENSIONS = YES;
				CLANG_ANALYZER_NONNULL = YES;
				CLANG_ANALYZER_NUMBER_OBJECT_CONVERSION = YES_AGGRESSIVE;
				CLANG_CXX_LANGUAGE_STANDARD = "gnu++20";
				CLANG_ENABLE_MODULES = YES;
				CLANG_ENABLE_OBJC_ARC = YES;
				CLANG_ENABLE_OBJC_WEAK = YES;
				CLANG_WARN_BLOCK_CAPTURE_AUTORELEASING = YES;
				CLANG_WARN_BOOL_CONVERSION = YES;
				CLANG_WARN_COMMA = YES;
				CLANG_WARN_CONSTANT_CONVERSION = YES;
				CLANG_WARN_DEPRECATED_OBJC_IMPLEMENTATIONS = YES;
				CLANG_WARN_DIRECT_OBJC_ISA_USAGE = YES_ERROR;
				CLANG_WARN_DOCUMENTATION_COMMENTS = YES;
				CLANG_WARN_EMPTY_BODY = YES;
				CLANG_WARN_ENUM_CONVERSION = YES;
				CLANG_WARN_INFINITE_RECURSION = YES;
				CLANG_WARN_INT_CONVERSION = YES;
				CLANG_WARN_NON_LITERAL_NULL_CONVERSION = YES;
				CLANG_WARN_OBJC_IMPLICIT_RETAIN_SELF = YES;
				CLANG_WARN_OBJC_LITERAL_CONVERSION = YES;
				CLANG_WARN_OBJC_ROOT_CLASS = YES_ERROR;
				CLANG_WARN_QUOTED_INCLUDE_IN_FRAMEWORK_HEADER = YES;
				CLANG_WARN_RANGE_LOOP_ANALYSIS = YES;
				CLANG_WARN_STRICT_PROTOTYPES = YES;
				CLANG_WARN_SUSPICIOUS_MOVE = YES;
				CLANG_WARN_UNGUARDED_AVAILABILITY = YES_AGGRESSIVE;
				CLANG_WARN_UNREACHABLE_CODE = YES;
				CLANG_WARN__DUPLICATE_METHOD_MATCH = YES;
				COPY_PHASE_STRIP = NO;
				DEBUG_INFORMATION_FORMAT = dwarf;
				DEVELOPMENT_TEAM = 366VVLKN2U;
				ENABLE_STRICT_OBJC_MSGSEND = YES;
				ENABLE_TESTABILITY = YES;
				ENABLE_USER_SCRIPT_SANDBOXING = YES;
				GCC_C_LANGUAGE_STANDARD = gnu17;
				GCC_DYNAMIC_NO_PIC = NO;
				GCC_NO_COMMON_BLOCKS = YES;
				GCC_OPTIMIZATION_LEVEL = 0;
				GCC_PREPROCESSOR_DEFINITIONS = (
					"DEBUG=1",
					"$(inherited)",
				);
				GCC_WARN_64_TO_32_BIT_CONVERSION = YES;
				GCC_WARN_ABOUT_RETURN_TYPE = YES_ERROR;
				GCC_WARN_UNDECLARED_SELECTOR = YES;
				GCC_WARN_UNINITIALIZED_AUTOS = YES_AGGRESSIVE;
				GCC_WARN_UNUSED_FUNCTION = YES;
				GCC_WARN_UNUSED_VARIABLE = YES;
				LOCALIZATION_PREFERS_STRING_CATALOGS = YES;
				MTL_ENABLE_DEBUG_INFO = INCLUDE_SOURCE;
				MTL_FAST_MATH = YES;
				ONLY_ACTIVE_ARCH = YES;
				SWIFT_ACTIVE_COMPILATION_CONDITIONS = "DEBUG $(inherited)";
				SWIFT_OPTIMIZATION_LEVEL = "-Onone";
			};
			name = Debug;
		};
		D965BC2C2F2CB3E30051704D /* Release */ = {
			isa = XCBuildConfiguration;
			buildSettings = {
				ALWAYS_SEARCH_USER_PATHS = NO;
				ASSETCATALOG_COMPILER_GENERATE_SWIFT_ASSET_SYMBOL_EXTENSIONS = YES;
				CLANG_ANALYZER_NONNULL = YES;
				CLANG_ANALYZER_NUMBER_OBJECT_CONVERSION = YES_AGGRESSIVE;
				CLANG_CXX_LANGUAGE_STANDARD = "gnu++20";
				CLANG_ENABLE_MODULES = YES;
				CLANG_ENABLE_OBJC_ARC = YES;
				CLANG_ENABLE_OBJC_WEAK = YES;
				CLANG_WARN_BLOCK_CAPTURE_AUTORELEASING = YES;
				CLANG_WARN_BOOL_CONVERSION = YES;
				CLANG_WARN_COMMA = YES;
				CLANG_WARN_CONSTANT_CONVERSION = YES;
				CLANG_WARN_DEPRECATED_OBJC_IMPLEMENTATIONS = YES;
				CLANG_WARN_DIRECT_OBJC_ISA_USAGE = YES_ERROR;
				CLANG_WARN_DOCUMENTATION_COMMENTS = YES;
				CLANG_WARN_EMPTY_BODY = YES;
				CLANG_WARN_ENUM_CONVERSION = YES;
				CLANG_WARN_INFINITE_RECURSION = YES;
				CLANG_WARN_INT_CONVERSION = YES;
				CLANG_WARN_NON_LITERAL_NULL_CONVERSION = YES;
				CLANG_WARN_OBJC_IMPLICIT_RETAIN_SELF = YES;
				CLANG_WARN_OBJC_LITERAL_CONVERSION = YES;
				CLANG_WARN_OBJC_ROOT_CLASS = YES_ERROR;
				CLANG_WARN_QUOTED_INCLUDE_IN_FRAMEWORK_HEADER = YES;
				CLANG_WARN_RANGE_LOOP_ANALYSIS = YES;
				CLANG_WARN_STRICT_PROTOTYPES = YES;
				CLANG_WARN_SUSPICIOUS_MOVE = YES;
				CLANG_WARN_UNGUARDED_AVAILABILITY = YES_AGGRESSIVE;
				CLANG_WARN_UNREACHABLE_CODE = YES;
				CLANG_WARN__DUPLICATE_METHOD_MATCH = YES;
				COPY_PHASE_STRIP = NO;
				DEBUG_INFORMATION_FORMAT = "dwarf-with-dsym";
				DEVELOPMENT_TEAM = 366VVLKN2U;
				ENABLE_NS_ASSERTIONS = NO;
				ENABLE_STRICT_OBJC_MSGSEND = YES;
				ENABLE_USER_SCRIPT_SANDBOXING = YES;
				GCC_C_LANGUAGE_STANDARD = gnu17;
				GCC_NO_COMMON_BLOCKS = YES;
				GCC_WARN_64_TO_32_BIT_CONVERSION = YES;
				GCC_WARN_ABOUT_RETURN_TYPE = YES_ERROR;
				GCC_WARN_UNDECLARED_SELECTOR = YES;
				GCC_WARN_UNINITIALIZED_AUTOS = YES_AGGRESSIVE;
				GCC_WARN_UNUSED_FUNCTION = YES;
				GCC_WARN_UNUSED_VARIABLE = YES;
				LOCALIZATION_PREFERS_STRING_CATALOGS = YES;
				MTL_ENABLE_DEBUG_INFO = NO;
				MTL_FAST_MATH = YES;
				SWIFT_COMPILATION_MODE = wholemodule;
			};
			name = Release;
		};
		D965BC2E2F2CB3E30051704D /* Debug */ = {
			isa = XCBuildConfiguration;
			baseConfigurationReference = D9A0C0C62F2D000100000001 /* Secrets.xcconfig */;
			buildSettings = {
				ASSETCATALOG_COMPILER_APPICON_NAME = AppIcon;
				ASSETCATALOG_COMPILER_GLOBAL_ACCENT_COLOR_NAME = AccentColor;
				CODE_SIGNING_ALLOWED = YES;
				CODE_SIGNING_REQUIRED = YES;
				CODE_SIGN_IDENTITY = "Apple Development";
				CODE_SIGN_STYLE = Automatic;
				CURRENT_PROJECT_VERSION = 1;
				DEVELOPMENT_TEAM = 366VVLKN2U;
				ENABLE_PREVIEWS = YES;
				GENERATE_INFOPLIST_FILE = YES;
				INFOPLIST_FILE = Info.plist;
				INFOPLIST_KEY_ALPHA_VANTAGE_KEY = "$(ALPHA_VANTAGE_KEY)";
				INFOPLIST_KEY_BORSAPY_KEY = "$(BORSAPY_KEY)";
				INFOPLIST_KEY_BORSAPY_URL = "$(BORSAPY_URL)";
				INFOPLIST_KEY_DEEPSEEK_KEY = "$(DEEPSEEK_KEY)";
				INFOPLIST_KEY_DOVIZCOM_KEY = "$(DOVIZCOM_KEY)";
				INFOPLIST_KEY_EODHD_KEY = "$(EODHD_KEY)";
				INFOPLIST_KEY_FINNHUB_KEY = "$(FINNHUB_KEY)";
				INFOPLIST_KEY_FMP_KEY = "$(FMP_KEY)";
				INFOPLIST_KEY_FRED_KEY = "$(FRED_KEY)";
				INFOPLIST_KEY_GEMINI_KEY = "$(GEMINI_KEY)";
				INFOPLIST_KEY_GLM_KEY = "$(GLM_KEY)";
				INFOPLIST_KEY_GROQ_KEY = "$(GROQ_KEY)";
				INFOPLIST_KEY_MARKETSTACK_KEY = "$(MARKETSTACK_KEY)";
				INFOPLIST_KEY_NSMicrophoneUsageDescription = "Argus Voice ile sesli komut vermek için mikrofon erişimi gereklidir.";
				INFOPLIST_KEY_NSSpeechRecognitionUsageDescription = "Argus Voice ile sesli komutlarınızı anlamak için konuşma tanıma erişimi gereklidir.";
				INFOPLIST_KEY_PINECONE_KEY = "$(PINECONE_KEY)";
				INFOPLIST_KEY_SIMFIN_KEY = "$(SIMFIN_KEY)";
				INFOPLIST_KEY_TIINGO_KEY = "$(TIINGO_KEY)";
				INFOPLIST_KEY_TWELVE_DATA_KEY = "$(TWELVE_DATA_KEY)";
				INFOPLIST_KEY_UIApplicationSceneManifest_Generation = YES;
				INFOPLIST_KEY_UIApplicationSupportsIndirectInputEvents = YES;
				INFOPLIST_KEY_UILaunchScreen_Generation = YES;
				INFOPLIST_KEY_UIStatusBarStyle = UIStatusBarStyleDefault;
				INFOPLIST_KEY_UISupportedInterfaceOrientations_iPad = "UIInterfaceOrientationPortrait UIInterfaceOrientationPortraitUpsideDown UIInterfaceOrientationLandscapeLeft UIInterfaceOrientationLandscapeRight";
				INFOPLIST_KEY_UISupportedInterfaceOrientations_iPhone = "UIInterfaceOrientationPortrait UIInterfaceOrientationLandscapeLeft UIInterfaceOrientationLandscapeRight";
				IPHONEOS_DEPLOYMENT_TARGET = 17.0;
				LD_RUNPATH_SEARCH_PATHS = "@executable_path/Frameworks";
				MARKETING_VERSION = 1.0;
				PRODUCT_BUNDLE_IDENTIFIER = ArgusTeam.argus;
				PRODUCT_NAME = "$(TARGET_NAME)";
				SDKROOT = iphoneos;
				STRING_CATALOG_GENERATE_SYMBOLS = YES;
				SUPPORTED_PLATFORMS = "iphoneos iphonesimulator";
				SWIFT_APPROACHABLE_CONCURRENCY = YES;
				SWIFT_DEFAULT_ACTOR_ISOLATION = MainActor;
				SWIFT_EMIT_LOC_STRINGS = YES;
				SWIFT_UPCOMING_FEATURE_MEMBER_IMPORT_VISIBILITY = YES;
				SWIFT_VERSION = 5.0;
				TARGETED_DEVICE_FAMILY = "1,2";
			};
			name = Debug;
		};
		D965BC2F2F2CB3E30051704D /* Release */ = {
			isa = XCBuildConfiguration;
			baseConfigurationReference = D9A0C0C62F2D000100000001 /* Secrets.xcconfig */;
			buildSettings = {
				ASSETCATALOG_COMPILER_APPICON_NAME = AppIcon;
				ASSETCATALOG_COMPILER_GLOBAL_ACCENT_COLOR_NAME = AccentColor;
				CODE_SIGNING_ALLOWED = YES;
				CODE_SIGNING_REQUIRED = YES;
				CODE_SIGN_IDENTITY = "Apple Development";
				CODE_SIGN_STYLE = Automatic;
				CURRENT_PROJECT_VERSION = 1;
				DEVELOPMENT_TEAM = 366VVLKN2U;
				ENABLE_PREVIEWS = YES;
				GENERATE_INFOPLIST_FILE = YES;
				INFOPLIST_FILE = Info.plist;
				INFOPLIST_KEY_ALPHA_VANTAGE_KEY = "$(ALPHA_VANTAGE_KEY)";
				INFOPLIST_KEY_BORSAPY_KEY = "$(BORSAPY_KEY)";
				INFOPLIST_KEY_BORSAPY_URL = "$(BORSAPY_URL)";
				INFOPLIST_KEY_DEEPSEEK_KEY = "$(DEEPSEEK_KEY)";
				INFOPLIST_KEY_DOVIZCOM_KEY = "$(DOVIZCOM_KEY)";
				INFOPLIST_KEY_EODHD_KEY = "$(EODHD_KEY)";
				INFOPLIST_KEY_FINNHUB_KEY = "$(FINNHUB_KEY)";
				INFOPLIST_KEY_FMP_KEY = "$(FMP_KEY)";
				INFOPLIST_KEY_FRED_KEY = "$(FRED_KEY)";
				INFOPLIST_KEY_GEMINI_KEY = "$(GEMINI_KEY)";
				INFOPLIST_KEY_GLM_KEY = "$(GLM_KEY)";
				INFOPLIST_KEY_GROQ_KEY = "$(GROQ_KEY)";
				INFOPLIST_KEY_MARKETSTACK_KEY = "$(MARKETSTACK_KEY)";
				INFOPLIST_KEY_NSMicrophoneUsageDescription = "Argus Voice ile sesli komut vermek için mikrofon erişimi gereklidir.";
				INFOPLIST_KEY_NSSpeechRecognitionUsageDescription = "Argus Voice ile sesli komutlarınızı anlamak için konuşma tanıma erişimi gereklidir.";
				INFOPLIST_KEY_PINECONE_KEY = "$(PINECONE_KEY)";
				INFOPLIST_KEY_SIMFIN_KEY = "$(SIMFIN_KEY)";
				INFOPLIST_KEY_TIINGO_KEY = "$(TIINGO_KEY)";
				INFOPLIST_KEY_TWELVE_DATA_KEY = "$(TWELVE_DATA_KEY)";
				INFOPLIST_KEY_UIApplicationSceneManifest_Generation = YES;
				INFOPLIST_KEY_UIApplicationSupportsIndirectInputEvents = YES;
				INFOPLIST_KEY_UILaunchScreen_Generation = YES;
				INFOPLIST_KEY_UIStatusBarStyle = UIStatusBarStyleDefault;
				INFOPLIST_KEY_UISupportedInterfaceOrientations_iPad = "UIInterfaceOrientationPortrait UIInterfaceOrientationPortraitUpsideDown UIInterfaceOrientationLandscapeLeft UIInterfaceOrientationLandscapeRight";
				INFOPLIST_KEY_UISupportedInterfaceOrientations_iPhone = "UIInterfaceOrientationPortrait UIInterfaceOrientationLandscapeLeft UIInterfaceOrientationLandscapeRight";
				IPHONEOS_DEPLOYMENT_TARGET = 17.0;
				LD_RUNPATH_SEARCH_PATHS = "@executable_path/Frameworks";
				MARKETING_VERSION = 1.0;
				PRODUCT_BUNDLE_IDENTIFIER = ArgusTeam.argus;
				PRODUCT_NAME = "$(TARGET_NAME)";
				SDKROOT = iphoneos;
				STRING_CATALOG_GENERATE_SYMBOLS = YES;
				SUPPORTED_PLATFORMS = "iphoneos iphonesimulator";
				SWIFT_APPROACHABLE_CONCURRENCY = YES;
				SWIFT_DEFAULT_ACTOR_ISOLATION = MainActor;
				SWIFT_EMIT_LOC_STRINGS = YES;
				SWIFT_UPCOMING_FEATURE_MEMBER_IMPORT_VISIBILITY = YES;
				SWIFT_VERSION = 5.0;
				TARGETED_DEVICE_FAMILY = "1,2";
			};
			name = Release;
		};
/* End XCBuildConfiguration section */

/* Begin XCConfigurationList section */
		D965BC182F2CB3E20051704D /* Build configuration list for PBXProject "argus" */ = {
			isa = XCConfigurationList;
			buildConfigurations = (
				D965BC2B2F2CB3E30051704D /* Debug */,
				D965BC2C2F2CB3E30051704D /* Release */,
			);
			defaultConfigurationIsVisible = 0;
			defaultConfigurationName = Release;
		};
		D965BC2D2F2CB3E30051704D /* Build configuration list for PBXNativeTarget "argus" */ = {
			isa = XCConfigurationList;
			buildConfigurations = (
				D965BC2E2F2CB3E30051704D /* Debug */,
				D965BC2F2F2CB3E30051704D /* Release */,
			);
			defaultConfigurationIsVisible = 0;
			defaultConfigurationName = Release;
		};
/* End XCConfigurationList section */
	};
	rootObject = D965BC152F2CB3E20051704D /* Project object */;
}
